
Microsoft Visual Studio Solution File, Format Version 12.00
Project("{FAE04EC0-301F-11D3-BF4B-00C04F79EFBC}") = "JadeLib", "JadeLib\JadeLib.csproj", "{A62CD976-75DF-4185-A6C4-5AB8D4EFC0BB}"
EndProject
Project("{FAE04EC0-301F-11D3-BF4B-00C04F79EFBC}") = "RPCore", "RPCore\RPCore.csproj", "{0C687C3E-B438-4E7F-8D1E-56AFDEBC36AD}"
EndProject
Global
	GlobalSection(SolutionConfigurationPlatforms) = preSolution
		Debug|Any CPU = Debug|Any CPU
		Release|Any CPU = Release|Any CPU
	EndGlobalSection
	GlobalSection(ProjectConfigurationPlatforms) = postSolution
		{A62CD976-75DF-4185-A6C4-5AB8D4EFC0BB}.Debug|Any CPU.ActiveCfg = Debug|Any CPU
		{A62CD976-75DF-4185-A6C4-5AB8D4EFC0BB}.Debug|Any CPU.Build.0 = Debug|Any CPU
		{A62CD976-75DF-4185-A6C4-5AB8D4EFC0BB}.Release|Any CPU.ActiveCfg = Release|Any CPU
		{A62CD976-75DF-4185-A6C4-5AB8D4EFC0BB}.Release|Any CPU.Build.0 = Release|Any CPU
		{0C687C3E-B438-4E7F-8D1E-56AFDEBC36AD}.Debug|Any CPU.ActiveCfg = Debug|Any CPU
		{0C687C3E-B438-4E7F-8D1E-56AFDEBC36AD}.Debug|Any CPU.Build.0 = Debug|Any CPU
		{0C687C3E-B438-4E7F-8D1E-56AFDEBC36AD}.Release|Any CPU.ActiveCfg = Release|Any CPU
		{0C687C3E-B438-4E7F-8D1E-56AFDEBC36AD}.Release|Any CPU.Build.0 = Release|Any CPU
		{A24057A9-9D77-495A-9475-4267A423DC94}.Debug|Any CPU.ActiveCfg = Debug|Any CPU
		{A24057A9-9D77-495A-9475-4267A423DC94}.Debug|Any CPU.Build.0 = Debug|Any CPU
		{A24057A9-9D77-495A-9475-4267A423DC94}.Release|Any CPU.ActiveCfg = Release|Any CPU
		{A24057A9-9D77-495A-9475-4267A423DC94}.Release|Any CPU.Build.0 = Release|Any CPU
		{A5B39664-F1FE-4729-A724-2E33070750E6}.Release|Any CPU.ActiveCfg = Release|Any CPU
		{A5B39664-F1FE-4729-A724-2E33070750E6}.Release|Any CPU.Build.0 = Release|Any CPU
		{A5B39664-F1FE-4729-A724-2E33070750E6}.Debug|Any CPU.ActiveCfg = Release EXILED|Any CPU
		{A5B39664-F1FE-4729-A724-2E33070750E6}.Debug|Any CPU.Build.0 = Release EXILED|Any CPU
	EndGlobalSection
EndGlobal
